
Microsoft Visual Studio Solution File, Format Version 12.00
# Visual Studio Version 16
VisualStudioVersion = 16.0.30002.166
MinimumVisualStudioVersion = 10.0.40219.1
Project("{00D1A9C2-B5F0-4AF3-8072-F6C62B433612}") = "DataGenerationObjects", "DataGenerationObjects\DataGenerationObjects.sqlproj", "{161498F4-8331-4E0D-9A1C-C2FC38B26E30}"
EndProject
Global
	GlobalSection(SolutionConfigurationPlatforms) = preSolution
		Debug|Any CPU = Debug|Any CPU
		Release|Any CPU = Release|Any CPU
	EndGlobalSection
	GlobalSection(ProjectConfigurationPlatforms) = postSolution
		{161498F4-8331-4E0D-9A1C-C2FC38B26E30}.Debug|Any CPU.ActiveCfg = Debug|Any CPU
		{161498F4-8331-4E0D-9A1C-C2FC38B26E30}.Debug|Any CPU.Build.0 = Debug|Any CPU
		{161498F4-8331-4E0D-9A1C-C2FC38B26E30}.Debug|Any CPU.Deploy.0 = Debug|Any CPU
		{161498F4-8331-4E0D-9A1C-C2FC38B26E30}.Release|Any CPU.ActiveCfg = Release|Any CPU
		{161498F4-8331-4E0D-9A1C-C2FC38B26E30}.Release|Any CPU.Build.0 = Release|Any CPU
		{161498F4-8331-4E0D-9A1C-C2FC38B26E30}.Release|Any CPU.Deploy.0 = Release|Any CPU
	EndGlobalSection
	GlobalSection(SolutionProperties) = preSolution
		HideSolutionNode = FALSE
	EndGlobalSection
	GlobalSection(ExtensibilityGlobals) = postSolution
		SolutionGuid = {841D82FD-D9C7-46AE-B170-98A7B689B240}
	EndGlobalSection
EndGlobal
